Microsoft Visual Studio Solution File, Format Version 12.00
# Visual Studio 2012
Project("{FAE04EC0-301F-11D3-BF4B-00C04F79EFBC}") = "OinkyRPG", "OinkyRPG.csproj", "{009F72B6-3149-4E32-B8D1-4CDBAA1D72CB}"
EndProject
Global
	GlobalSection(SolutionConfigurationPlatforms) = preSolution
	Debug|Any CPU = Debug|Any CPU
	ExportDebug|Any CPU = ExportDebug|Any CPU
	ExportRelease|Any CPU = ExportRelease|Any CPU
	EndGlobalSection
	GlobalSection(ProjectConfigurationPlatforms) = postSolution
		{009F72B6-3149-4E32-B8D1-4CDBAA1D72CB}.Debug|Any CPU.ActiveCfg = Debug|Any CPU
		{009F72B6-3149-4E32-B8D1-4CDBAA1D72CB}.Debug|Any CPU.Build.0 = Debug|Any CPU
		{009F72B6-3149-4E32-B8D1-4CDBAA1D72CB}.ExportDebug|Any CPU.ActiveCfg = ExportDebug|Any CPU
		{009F72B6-3149-4E32-B8D1-4CDBAA1D72CB}.ExportDebug|Any CPU.Build.0 = ExportDebug|Any CPU
		{009F72B6-3149-4E32-B8D1-4CDBAA1D72CB}.ExportRelease|Any CPU.ActiveCfg = ExportRelease|Any CPU
		{009F72B6-3149-4E32-B8D1-4CDBAA1D72CB}.ExportRelease|Any CPU.Build.0 = ExportRelease|Any CPU
	EndGlobalSection
EndGlobal
